
Microsoft Visual Studio Solution File, Format Version 12.00
# Visual Studio Version 16
VisualStudioVersion = 16.0.29209.62
MinimumVisualStudioVersion = 10.0.40219.1
Project("{FAE04EC0-301F-11D3-BF4B-00C04F79EFBC}") = "RegnalUDB", "RegnalUDB.csproj", "{6298621D-DC07-4C28-BBA7-936387AD5212}"
EndProject
Global
	GlobalSection(SolutionConfigurationPlatforms) = preSolution
		Debug|Any CPU = Debug|Any CPU
		Release|Any CPU = Release|Any CPU
	EndGlobalSection
	GlobalSection(ProjectConfigurationPlatforms) = postSolution
		{6298621D-DC07-4C28-BBA7-936387AD5212}.Debug|Any CPU.ActiveCfg = Debug|Any CPU
		{6298621D-DC07-4C28-BBA7-936387AD5212}.Debug|Any CPU.Build.0 = Debug|Any CPU
		{6298621D-DC07-4C28-BBA7-936387AD5212}.Release|Any CPU.ActiveCfg = Release|Any CPU
		{6298621D-DC07-4C28-BBA7-936387AD5212}.Release|Any CPU.Build.0 = Release|Any CPU
	EndGlobalSection
	GlobalSection(SolutionProperties) = preSolution
		HideSolutionNode = FALSE
	EndGlobalSection
	GlobalSection(ExtensibilityGlobals) = postSolution
		SolutionGuid = {F666D373-45BA-44AC-AF0E-9E515E8C08BE}
	EndGlobalSection
EndGlobal
